
Microsoft Visual Studio Solution File, Format Version 12.00
# Visual Studio Version 17
VisualStudioVersion = 17.5.33516.290
MinimumVisualStudioVersion = 10.0.40219.1
Project("{2150E333-8FDC-42A3-9474-1A3956D46DE8}") = "Curs", "Curs", "{9F788A18-5988-4837-9124-324467A279F7}"
EndProject
Project("{2150E333-8FDC-42A3-9474-1A3956D46DE8}") = "Lab", "Lab", "{955372E3-95F2-4ED3-B8B0-D0C4DD655DB3}"
EndProject
Project("{2150E333-8FDC-42A3-9474-1A3956D46DE8}") = "Curs 1", "Curs 1", "{2454B90F-FE56-4FB2-A0FC-28B1531C6EF9}"
EndProject
Project("{2150E333-8FDC-42A3-9474-1A3956D46DE8}") = "Curs 2", "Curs 2", "{BEBBC678-F78D-49C4-9AAF-6F95718630B2}"
EndProject
Project("{2150E333-8FDC-42A3-9474-1A3956D46DE8}") = "Curs 3", "Curs 3", "{7BDF8E9C-0A18-43D8-957F-6D88EE895175}"
EndProject
Project("{2150E333-8FDC-42A3-9474-1A3956D46DE8}") = "Lab 1", "Lab 1", "{8A31D71E-7117-4A69-92C0-754337A14DF4}"
EndProject
Project("{2150E333-8FDC-42A3-9474-1A3956D46DE8}") = "Lab 2", "Lab 2", "{A5F3E6C6-27D4-4D10-99EE-4D81B779E27C}"
EndProject
Project("{FAE04EC0-301F-11D3-BF4B-00C04F79EFBC}") = "AF Lab 2 (princess rescue)", "AF Lab 2 project 1\AF Lab 2 (princess rescue).csproj", "{B53F3B23-7A7F-4A15-A126-472C81B82901}"
EndProject
Project("{FAE04EC0-301F-11D3-BF4B-00C04F79EFBC}") = "AF Lab 1 project 1", "AF Lab 1 project 1\AF Lab 1 project 1.csproj", "{3B1AB38F-F0E8-4233-B8C1-F1C86EF8DE98}"
EndProject
Project("{FAE04EC0-301F-11D3-BF4B-00C04F79EFBC}") = "AF Lab 1 project 2", "AF Lab 1 project 2\AF Lab 1 project 2.csproj", "{2D7531AE-8E3B-4E6D-9256-00707F22A6C3}"
EndProject
Project("{FAE04EC0-301F-11D3-BF4B-00C04F79EFBC}") = "AF lab 1 project 3", "AF Lab 1 project 3\AF lab 1 project 3.csproj", "{506655BB-0FD3-48AB-BAFC-E4EE84CAA6BE}"
EndProject
Project("{FAE04EC0-301F-11D3-BF4B-00C04F79EFBC}") = "AF Curs 1 project 1", "AF Curs 1\AF Curs 1 project 1.csproj", "{F9E74EBE-D657-4A9B-A455-C4040D2C7CC6}"
EndProject
Project("{FAE04EC0-301F-11D3-BF4B-00C04F79EFBC}") = "AF Curs 2 project 1", "AF Curs 2 project 1\AF Curs 2 project 1.csproj", "{E5CBEFE2-C3B6-4EB1-A749-12C5ED0FC844}"
EndProject
Project("{FAE04EC0-301F-11D3-BF4B-00C04F79EFBC}") = "AF Curs 2 project 2", "AF Curs 2 project 2\AF Curs 2 project 2.csproj", "{90C9D8D7-003E-4886-80AC-13DDCE7077E3}"
EndProject
Project("{9A19103F-16F7-4668-BE54-9A1E7A4F7556}") = "AF Curs 3 project 1 (image processing)", "AF Curs 3 project 1 (image processing)\AF Curs 3 project 1 (image processing).csproj", "{EA8B2C8E-2F04-425C-BCD7-3DDE181F74AD}"
EndProject
Project("{2150E333-8FDC-42A3-9474-1A3956D46DE8}") = "Lab 3", "Lab 3", "{6E3234C5-97C3-47B0-9195-7405751F2663}"
EndProject
Project("{9A19103F-16F7-4668-BE54-9A1E7A4F7556}") = "AF Lab 3 project 1", "AF Lab 3 project 1\AF Lab 3 project 1.csproj", "{73974654-A842-4671-A9F7-B1042F1EA23E}"
EndProject
Project("{2150E333-8FDC-42A3-9474-1A3956D46DE8}") = "Others", "Others", "{3DF24D87-543E-4F8C-8F88-3024C50F3FA1}"
EndProject
Project("{9A19103F-16F7-4668-BE54-9A1E7A4F7556}") = "TestBed", "TestBed\TestBed.csproj", "{19DDA52E-4415-4626-BFB9-8C9306A55FAF}"
EndProject
Project("{2150E333-8FDC-42A3-9474-1A3956D46DE8}") = "Lab 4", "Lab 4", "{BD699AB9-7EB9-4F67-A3D6-E5F7B0812120}"
EndProject
Project("{9A19103F-16F7-4668-BE54-9A1E7A4F7556}") = "AF Lab 4 project 1", "AF Lab 4 project 1\AF Lab 4 project 1.csproj", "{2B7FE0B5-FEE3-40C0-836F-C8A63A775D37}"
EndProject
Project("{2150E333-8FDC-42A3-9474-1A3956D46DE8}") = "Curs 4", "Curs 4", "{EC113DFA-FC56-492B-9A87-9B27837CD250}"
EndProject
Project("{FAE04EC0-301F-11D3-BF4B-00C04F79EFBC}") = "Polygons", "Poligoane-Curs6\Polygons.csproj", "{8C6718A5-A8B2-47EA-B8FF-F6CDA879B6A0}"
EndProject
Project("{FAE04EC0-301F-11D3-BF4B-00C04F79EFBC}") = "ExtractionGame", "ExtractionGame\ExtractionGame.csproj", "{DFE4CD28-2048-4FAF-ABCB-B1D16DE73649}"
EndProject
Project("{2150E333-8FDC-42A3-9474-1A3956D46DE8}") = "Extern", "Extern", "{4FEC033C-6117-4E5C-B631-19351E10ED51}"
EndProject
Project("{9A19103F-16F7-4668-BE54-9A1E7A4F7556}") = "GC", "..\..\Geometrie Computationala\GC Main\GC Main\GC.csproj", "{1686C7E7-CBD1-4631-AA1B-06F58AD0AB96}"
EndProject
Project("{2150E333-8FDC-42A3-9474-1A3956D46DE8}") = "Partial_01", "Partial_01", "{158DDF43-9030-4D0A-98BC-026B9AD7DDC9}"
EndProject
Project("{FAE04EC0-301F-11D3-BF4B-00C04F79EFBC}") = "AF Partial 1 Ex 1", "AF Partial 1 Ex 1\AF Partial 1 Ex 1.csproj", "{F58683AF-8EC1-4165-B7D0-005B5E4C8152}"
EndProject
Project("{FAE04EC0-301F-11D3-BF4B-00C04F79EFBC}") = "AF Partial 1 Ex 2", "AF Partial 1 Ex 2\AF Partial 1 Ex 2.csproj", "{CC7DA725-9717-4532-8F1D-23783AA4726D}"
EndProject
Project("{FAE04EC0-301F-11D3-BF4B-00C04F79EFBC}") = "AF Partial 1 Ex 3", "AF Partial 1 Ex 3\AF Partial 1 Ex 3.csproj", "{53C9EBF8-9B98-4B97-8D3E-E027F0CB6F77}"
EndProject
Project("{FAE04EC0-301F-11D3-BF4B-00C04F79EFBC}") = "AF Partial 1 Ex 4", "AF Partial 1 Ex 4\AF Partial 1 Ex 4.csproj", "{CD276548-5767-4416-ABA8-9DA46EB87B87}"
EndProject
Global
	GlobalSection(SolutionConfigurationPlatforms) = preSolution
		Debug|Any CPU = Debug|Any CPU
		Release|Any CPU = Release|Any CPU
	EndGlobalSection
	GlobalSection(ProjectConfigurationPlatforms) = postSolution
		{B53F3B23-7A7F-4A15-A126-472C81B82901}.Debug|Any CPU.ActiveCfg = Debug|Any CPU
		{B53F3B23-7A7F-4A15-A126-472C81B82901}.Debug|Any CPU.Build.0 = Debug|Any CPU
		{B53F3B23-7A7F-4A15-A126-472C81B82901}.Release|Any CPU.ActiveCfg = Release|Any CPU
		{B53F3B23-7A7F-4A15-A126-472C81B82901}.Release|Any CPU.Build.0 = Release|Any CPU
		{3B1AB38F-F0E8-4233-B8C1-F1C86EF8DE98}.Debug|Any CPU.ActiveCfg = Debug|Any CPU
		{3B1AB38F-F0E8-4233-B8C1-F1C86EF8DE98}.Debug|Any CPU.Build.0 = Debug|Any CPU
		{3B1AB38F-F0E8-4233-B8C1-F1C86EF8DE98}.Release|Any CPU.ActiveCfg = Release|Any CPU
		{3B1AB38F-F0E8-4233-B8C1-F1C86EF8DE98}.Release|Any CPU.Build.0 = Release|Any CPU
		{2D7531AE-8E3B-4E6D-9256-00707F22A6C3}.Debug|Any CPU.ActiveCfg = Debug|Any CPU
		{2D7531AE-8E3B-4E6D-9256-00707F22A6C3}.Debug|Any CPU.Build.0 = Debug|Any CPU
		{2D7531AE-8E3B-4E6D-9256-00707F22A6C3}.Release|Any CPU.ActiveCfg = Release|Any CPU
		{2D7531AE-8E3B-4E6D-9256-00707F22A6C3}.Release|Any CPU.Build.0 = Release|Any CPU
		{506655BB-0FD3-48AB-BAFC-E4EE84CAA6BE}.Debug|Any CPU.ActiveCfg = Debug|Any CPU
		{506655BB-0FD3-48AB-BAFC-E4EE84CAA6BE}.Debug|Any CPU.Build.0 = Debug|Any CPU
		{506655BB-0FD3-48AB-BAFC-E4EE84CAA6BE}.Release|Any CPU.ActiveCfg = Release|Any CPU
		{506655BB-0FD3-48AB-BAFC-E4EE84CAA6BE}.Release|Any CPU.Build.0 = Release|Any CPU
		{F9E74EBE-D657-4A9B-A455-C4040D2C7CC6}.Debug|Any CPU.ActiveCfg = Debug|Any CPU
		{F9E74EBE-D657-4A9B-A455-C4040D2C7CC6}.Debug|Any CPU.Build.0 = Debug|Any CPU
		{F9E74EBE-D657-4A9B-A455-C4040D2C7CC6}.Release|Any CPU.ActiveCfg = Release|Any CPU
		{F9E74EBE-D657-4A9B-A455-C4040D2C7CC6}.Release|Any CPU.Build.0 = Release|Any CPU
		{E5CBEFE2-C3B6-4EB1-A749-12C5ED0FC844}.Debug|Any CPU.ActiveCfg = Debug|Any CPU
		{E5CBEFE2-C3B6-4EB1-A749-12C5ED0FC844}.Debug|Any CPU.Build.0 = Debug|Any CPU
		{E5CBEFE2-C3B6-4EB1-A749-12C5ED0FC844}.Release|Any CPU.ActiveCfg = Release|Any CPU
		{E5CBEFE2-C3B6-4EB1-A749-12C5ED0FC844}.Release|Any CPU.Build.0 = Release|Any CPU
		{90C9D8D7-003E-4886-80AC-13DDCE7077E3}.Debug|Any CPU.ActiveCfg = Debug|Any CPU
		{90C9D8D7-003E-4886-80AC-13DDCE7077E3}.Debug|Any CPU.Build.0 = Debug|Any CPU
		{90C9D8D7-003E-4886-80AC-13DDCE7077E3}.Release|Any CPU.ActiveCfg = Release|Any CPU
		{90C9D8D7-003E-4886-80AC-13DDCE7077E3}.Release|Any CPU.Build.0 = Release|Any CPU
		{EA8B2C8E-2F04-425C-BCD7-3DDE181F74AD}.Debug|Any CPU.ActiveCfg = Debug|Any CPU
		{EA8B2C8E-2F04-425C-BCD7-3DDE181F74AD}.Debug|Any CPU.Build.0 = Debug|Any CPU
		{EA8B2C8E-2F04-425C-BCD7-3DDE181F74AD}.Release|Any CPU.ActiveCfg = Release|Any CPU
		{EA8B2C8E-2F04-425C-BCD7-3DDE181F74AD}.Release|Any CPU.Build.0 = Release|Any CPU
		{73974654-A842-4671-A9F7-B1042F1EA23E}.Debug|Any CPU.ActiveCfg = Debug|Any CPU
		{73974654-A842-4671-A9F7-B1042F1EA23E}.Debug|Any CPU.Build.0 = Debug|Any CPU
		{73974654-A842-4671-A9F7-B1042F1EA23E}.Release|Any CPU.ActiveCfg = Release|Any CPU
		{73974654-A842-4671-A9F7-B1042F1EA23E}.Release|Any CPU.Build.0 = Release|Any CPU
		{19DDA52E-4415-4626-BFB9-8C9306A55FAF}.Debug|Any CPU.ActiveCfg = Debug|Any CPU
		{19DDA52E-4415-4626-BFB9-8C9306A55FAF}.Debug|Any CPU.Build.0 = Debug|Any CPU
		{19DDA52E-4415-4626-BFB9-8C9306A55FAF}.Release|Any CPU.ActiveCfg = Release|Any CPU
		{19DDA52E-4415-4626-BFB9-8C9306A55FAF}.Release|Any CPU.Build.0 = Release|Any CPU
		{2B7FE0B5-FEE3-40C0-836F-C8A63A775D37}.Debug|Any CPU.ActiveCfg = Debug|Any CPU
		{2B7FE0B5-FEE3-40C0-836F-C8A63A775D37}.Debug|Any CPU.Build.0 = Debug|Any CPU
		{2B7FE0B5-FEE3-40C0-836F-C8A63A775D37}.Release|Any CPU.ActiveCfg = Release|Any CPU
		{2B7FE0B5-FEE3-40C0-836F-C8A63A775D37}.Release|Any CPU.Build.0 = Release|Any CPU
		{8C6718A5-A8B2-47EA-B8FF-F6CDA879B6A0}.Debug|Any CPU.ActiveCfg = Debug|Any CPU
		{8C6718A5-A8B2-47EA-B8FF-F6CDA879B6A0}.Debug|Any CPU.Build.0 = Debug|Any CPU
		{8C6718A5-A8B2-47EA-B8FF-F6CDA879B6A0}.Release|Any CPU.ActiveCfg = Release|Any CPU
		{8C6718A5-A8B2-47EA-B8FF-F6CDA879B6A0}.Release|Any CPU.Build.0 = Release|Any CPU
		{DFE4CD28-2048-4FAF-ABCB-B1D16DE73649}.Debug|Any CPU.ActiveCfg = Debug|Any CPU
		{DFE4CD28-2048-4FAF-ABCB-B1D16DE73649}.Debug|Any CPU.Build.0 = Debug|Any CPU
		{DFE4CD28-2048-4FAF-ABCB-B1D16DE73649}.Release|Any CPU.ActiveCfg = Release|Any CPU
		{DFE4CD28-2048-4FAF-ABCB-B1D16DE73649}.Release|Any CPU.Build.0 = Release|Any CPU
		{1686C7E7-CBD1-4631-AA1B-06F58AD0AB96}.Debug|Any CPU.ActiveCfg = Debug|Any CPU
		{1686C7E7-CBD1-4631-AA1B-06F58AD0AB96}.Debug|Any CPU.Build.0 = Debug|Any CPU
		{1686C7E7-CBD1-4631-AA1B-06F58AD0AB96}.Release|Any CPU.ActiveCfg = Release|Any CPU
		{1686C7E7-CBD1-4631-AA1B-06F58AD0AB96}.Release|Any CPU.Build.0 = Release|Any CPU
		{F58683AF-8EC1-4165-B7D0-005B5E4C8152}.Debug|Any CPU.ActiveCfg = Debug|Any CPU
		{F58683AF-8EC1-4165-B7D0-005B5E4C8152}.Debug|Any CPU.Build.0 = Debug|Any CPU
		{F58683AF-8EC1-4165-B7D0-005B5E4C8152}.Release|Any CPU.ActiveCfg = Release|Any CPU
		{F58683AF-8EC1-4165-B7D0-005B5E4C8152}.Release|Any CPU.Build.0 = Release|Any CPU
		{CC7DA725-9717-4532-8F1D-23783AA4726D}.Debug|Any CPU.ActiveCfg = Debug|Any CPU
		{CC7DA725-9717-4532-8F1D-23783AA4726D}.Debug|Any CPU.Build.0 = Debug|Any CPU
		{CC7DA725-9717-4532-8F1D-23783AA4726D}.Release|Any CPU.ActiveCfg = Release|Any CPU
		{CC7DA725-9717-4532-8F1D-23783AA4726D}.Release|Any CPU.Build.0 = Release|Any CPU
		{53C9EBF8-9B98-4B97-8D3E-E027F0CB6F77}.Debug|Any CPU.ActiveCfg = Debug|Any CPU
		{53C9EBF8-9B98-4B97-8D3E-E027F0CB6F77}.Debug|Any CPU.Build.0 = Debug|Any CPU
		{53C9EBF8-9B98-4B97-8D3E-E027F0CB6F77}.Release|Any CPU.ActiveCfg = Release|Any CPU
		{53C9EBF8-9B98-4B97-8D3E-E027F0CB6F77}.Release|Any CPU.Build.0 = Release|Any CPU
		{CD276548-5767-4416-ABA8-9DA46EB87B87}.Debug|Any CPU.ActiveCfg = Debug|Any CPU
		{CD276548-5767-4416-ABA8-9DA46EB87B87}.Debug|Any CPU.Build.0 = Debug|Any CPU
		{CD276548-5767-4416-ABA8-9DA46EB87B87}.Release|Any CPU.ActiveCfg = Release|Any CPU
		{CD276548-5767-4416-ABA8-9DA46EB87B87}.Release|Any CPU.Build.0 = Release|Any CPU
	EndGlobalSection
	GlobalSection(SolutionProperties) = preSolution
		HideSolutionNode = FALSE
	EndGlobalSection
	GlobalSection(NestedProjects) = preSolution
		{2454B90F-FE56-4FB2-A0FC-28B1531C6EF9} = {9F788A18-5988-4837-9124-324467A279F7}
		{BEBBC678-F78D-49C4-9AAF-6F95718630B2} = {9F788A18-5988-4837-9124-324467A279F7}
		{7BDF8E9C-0A18-43D8-957F-6D88EE895175} = {9F788A18-5988-4837-9124-324467A279F7}
		{8A31D71E-7117-4A69-92C0-754337A14DF4} = {955372E3-95F2-4ED3-B8B0-D0C4DD655DB3}
		{A5F3E6C6-27D4-4D10-99EE-4D81B779E27C} = {955372E3-95F2-4ED3-B8B0-D0C4DD655DB3}
		{B53F3B23-7A7F-4A15-A126-472C81B82901} = {A5F3E6C6-27D4-4D10-99EE-4D81B779E27C}
		{3B1AB38F-F0E8-4233-B8C1-F1C86EF8DE98} = {8A31D71E-7117-4A69-92C0-754337A14DF4}
		{2D7531AE-8E3B-4E6D-9256-00707F22A6C3} = {8A31D71E-7117-4A69-92C0-754337A14DF4}
		{506655BB-0FD3-48AB-BAFC-E4EE84CAA6BE} = {8A31D71E-7117-4A69-92C0-754337A14DF4}
		{F9E74EBE-D657-4A9B-A455-C4040D2C7CC6} = {2454B90F-FE56-4FB2-A0FC-28B1531C6EF9}
		{E5CBEFE2-C3B6-4EB1-A749-12C5ED0FC844} = {BEBBC678-F78D-49C4-9AAF-6F95718630B2}
		{90C9D8D7-003E-4886-80AC-13DDCE7077E3} = {BEBBC678-F78D-49C4-9AAF-6F95718630B2}
		{EA8B2C8E-2F04-425C-BCD7-3DDE181F74AD} = {7BDF8E9C-0A18-43D8-957F-6D88EE895175}
		{6E3234C5-97C3-47B0-9195-7405751F2663} = {955372E3-95F2-4ED3-B8B0-D0C4DD655DB3}
		{73974654-A842-4671-A9F7-B1042F1EA23E} = {6E3234C5-97C3-47B0-9195-7405751F2663}
		{19DDA52E-4415-4626-BFB9-8C9306A55FAF} = {3DF24D87-543E-4F8C-8F88-3024C50F3FA1}
		{BD699AB9-7EB9-4F67-A3D6-E5F7B0812120} = {955372E3-95F2-4ED3-B8B0-D0C4DD655DB3}
		{2B7FE0B5-FEE3-40C0-836F-C8A63A775D37} = {BD699AB9-7EB9-4F67-A3D6-E5F7B0812120}
		{EC113DFA-FC56-492B-9A87-9B27837CD250} = {9F788A18-5988-4837-9124-324467A279F7}
		{8C6718A5-A8B2-47EA-B8FF-F6CDA879B6A0} = {EC113DFA-FC56-492B-9A87-9B27837CD250}
		{DFE4CD28-2048-4FAF-ABCB-B1D16DE73649} = {6E3234C5-97C3-47B0-9195-7405751F2663}
		{4FEC033C-6117-4E5C-B631-19351E10ED51} = {3DF24D87-543E-4F8C-8F88-3024C50F3FA1}
		{1686C7E7-CBD1-4631-AA1B-06F58AD0AB96} = {4FEC033C-6117-4E5C-B631-19351E10ED51}
		{158DDF43-9030-4D0A-98BC-026B9AD7DDC9} = {3DF24D87-543E-4F8C-8F88-3024C50F3FA1}
		{F58683AF-8EC1-4165-B7D0-005B5E4C8152} = {158DDF43-9030-4D0A-98BC-026B9AD7DDC9}
		{CC7DA725-9717-4532-8F1D-23783AA4726D} = {158DDF43-9030-4D0A-98BC-026B9AD7DDC9}
		{53C9EBF8-9B98-4B97-8D3E-E027F0CB6F77} = {158DDF43-9030-4D0A-98BC-026B9AD7DDC9}
		{CD276548-5767-4416-ABA8-9DA46EB87B87} = {158DDF43-9030-4D0A-98BC-026B9AD7DDC9}
	EndGlobalSection
	GlobalSection(ExtensibilityGlobals) = postSolution
		SolutionGuid = {D8B392CC-6855-4917-A862-D228712CF123}
	EndGlobalSection
EndGlobal
